// !$*UTF8*$!
{
	archiveVersion = 1;
	classes = {
	};
	objectVersion = 55;
	objects = {

/* Begin PBXBuildFile section */
		DB3CD71229CF2DCA003B73AC /* main.swift in Sources */ = {isa = PBXBuildFile; fileRef = DB8C9C2B295323EF00B2FE9F /* main.swift */; };
/* End PBXBuildFile section */

/* Begin PBXCopyFilesBuildPhase section */
		DB8C9C26295323EF00B2FE9F /* CopyFiles */ = {
			isa = PBXCopyFilesBuildPhase;
			buildActionMask = 2147483647;
			dstPath = /usr/share/man/man1/;
			dstSubfolderSpec = 0;
			files = (
			);
			runOnlyForDeploymentPostprocessing = 1;
		};
/* End PBXCopyFilesBuildPhase section */

/* Begin PBXFileReference section */
		DB023F592B981AED0065D2A1 /* 1546.swift */ = {isa = PBXFileReference; lastKnownFileType = sourcecode.swift; path = 1546.swift; sourceTree = "<group>"; };
		DB023F5A2B981E470065D2A1 /* 2609.swift */ = {isa = PBXFileReference; lastKnownFileType = sourcecode.swift; path = 2609.swift; sourceTree = "<group>"; };
		DB023F5B2B98202A0065D2A1 /* 1259.swift */ = {isa = PBXFileReference; lastKnownFileType = sourcecode.swift; path = 1259.swift; sourceTree = "<group>"; };
		DB02AEE52B96C9EF00D304D4 /* 15829.swift */ = {isa = PBXFileReference; lastKnownFileType = sourcecode.swift; path = 15829.swift; sourceTree = "<group>"; };
		DB035F172A3DD23D00D98F35 /* Makehamberger.swift */ = {isa = PBXFileReference; lastKnownFileType = sourcecode.swift; path = Makehamberger.swift; sourceTree = "<group>"; };
		DB03AE382B0E2E8900361ADE /* 7576.swift */ = {isa = PBXFileReference; lastKnownFileType = sourcecode.swift; path = 7576.swift; sourceTree = "<group>"; };
		DB0E54BA2A766037009BC658 /* 9095.swift */ = {isa = PBXFileReference; lastKnownFileType = sourcecode.swift; path = 9095.swift; sourceTree = "<group>"; };
		DB21AFA529E6C1C0003D878A /* 1676.swift */ = {isa = PBXFileReference; lastKnownFileType = sourcecode.swift; path = 1676.swift; sourceTree = "<group>"; };
		DB21AFA729E6C1E0003D878A /* 1463.swift */ = {isa = PBXFileReference; lastKnownFileType = sourcecode.swift; path = 1463.swift; sourceTree = "<group>"; };
		DB21AFAA29E70BE7003D878A /* 11047.swift */ = {isa = PBXFileReference; lastKnownFileType = sourcecode.swift; path = 11047.swift; sourceTree = "<group>"; };
		DB224A2E2974663000EC1478 /* 1181.swift */ = {isa = PBXFileReference; lastKnownFileType = sourcecode.swift; path = 1181.swift; sourceTree = "<group>"; };
		DB224A2F2974692600EC1478 /* 11399.swift */ = {isa = PBXFileReference; lastKnownFileType = sourcecode.swift; path = 11399.swift; sourceTree = "<group>"; };
		DB26BB862BAC0917003631A4 /* 11723.swift */ = {isa = PBXFileReference; lastKnownFileType = sourcecode.swift; path = 11723.swift; sourceTree = "<group>"; };
		DB3467992B03975900A6E64B /* 캐시.swift */ = {isa = PBXFileReference; lastKnownFileType = sourcecode.swift; path = "캐시.swift"; sourceTree = "<group>"; };
		DB3813D7295F5F4B0073D143 /* 2231.swift */ = {isa = PBXFileReference; lastKnownFileType = sourcecode.swift; path = 2231.swift; sourceTree = "<group>"; };
		DB3813D8296078D80073D143 /* 11650.swift */ = {isa = PBXFileReference; lastKnownFileType = sourcecode.swift; path = 11650.swift; sourceTree = "<group>"; };
		DB3813D92960CDC70073D143 /* 10845.swift */ = {isa = PBXFileReference; lastKnownFileType = sourcecode.swift; path = 10845.swift; sourceTree = "<group>"; };
		DB3956CD295C8887004627A6 /* 10828.swift */ = {isa = PBXFileReference; lastKnownFileType = sourcecode.swift; path = 10828.swift; sourceTree = "<group>"; };
		DB3956D0295CE087004627A6 /* 1920.swift */ = {isa = PBXFileReference; lastKnownFileType = sourcecode.swift; path = 1920.swift; sourceTree = "<group>"; };
		DB3956D1295D8D01004627A6 /* 2292.swift */ = {isa = PBXFileReference; lastKnownFileType = sourcecode.swift; path = 2292.swift; sourceTree = "<group>"; };
		DB3956D2295D923C004627A6 /* 2798.swift */ = {isa = PBXFileReference; lastKnownFileType = sourcecode.swift; path = 2798.swift; sourceTree = "<group>"; };
		DB3956D4295F10B0004627A6 /* 7568.swift */ = {isa = PBXFileReference; lastKnownFileType = sourcecode.swift; path = 7568.swift; sourceTree = "<group>"; };
		DB3AFD5B297225DA0008F9B2 /* 1712.swift */ = {isa = PBXFileReference; lastKnownFileType = sourcecode.swift; path = 1712.swift; sourceTree = "<group>"; };
		DB3DCF292ACEFD5100F28BC1 /* 2178.swift */ = {isa = PBXFileReference; lastKnownFileType = sourcecode.swift; path = 2178.swift; sourceTree = "<group>"; };
		DB4308012955EF3100D53539 /* 2869.swift */ = {isa = PBXFileReference; lastKnownFileType = sourcecode.swift; path = 2869.swift; sourceTree = "<group>"; };
		DB4308032956EBC800D53539 /* 1316.swift */ = {isa = PBXFileReference; lastKnownFileType = sourcecode.swift; path = 1316.swift; sourceTree = "<group>"; };
		DB4A387C29D1A892007212F4 /* 1158.swift */ = {isa = PBXFileReference; lastKnownFileType = sourcecode.swift; path = 1158.swift; sourceTree = "<group>"; };
		DB4A387E29D1B94C007212F4 /* 1236.swift */ = {isa = PBXFileReference; lastKnownFileType = sourcecode.swift; path = 1236.swift; sourceTree = "<group>"; };
		DB4A388029D1C124007212F4 /* 1292.swift */ = {isa = PBXFileReference; lastKnownFileType = sourcecode.swift; path = 1292.swift; sourceTree = "<group>"; };
		DB4A388229D1C40B007212F4 /* 2163.swift */ = {isa = PBXFileReference; lastKnownFileType = sourcecode.swift; path = 2163.swift; sourceTree = "<group>"; };
		DB4A94542B01B50100F7EEB1 /* 예상대진표.swift */ = {isa = PBXFileReference; lastKnownFileType = sourcecode.swift; path = "예상대진표.swift"; sourceTree = "<group>"; };
		DB4D94BF296DA65E00ABDEE3 /* 2108.swift */ = {isa = PBXFileReference; lastKnownFileType = sourcecode.swift; path = 2108.swift; sourceTree = "<group>"; };
		DB4F56CF2B3F458A00FB9E3F /* 15649.swift */ = {isa = PBXFileReference; lastKnownFileType = sourcecode.swift; path = 15649.swift; sourceTree = "<group>"; };
		DB4F56D02B3F483E00FB9E3F /* 15650.swift */ = {isa = PBXFileReference; lastKnownFileType = sourcecode.swift; path = 15650.swift; sourceTree = "<group>"; };
		DB4F56D12B3FB06B00FB9E3F /* 15651.swift */ = {isa = PBXFileReference; lastKnownFileType = sourcecode.swift; path = 15651.swift; sourceTree = "<group>"; };
		DB4F56D22B3FB38800FB9E3F /* 15652.swift */ = {isa = PBXFileReference; lastKnownFileType = sourcecode.swift; path = 15652.swift; sourceTree = "<group>"; };
		DB4F56D32B3FB70200FB9E3F /* 15654.swift */ = {isa = PBXFileReference; lastKnownFileType = sourcecode.swift; path = 15654.swift; sourceTree = "<group>"; };
		DB555A7A2954676D00D531F3 /* 4344.swift */ = {isa = PBXFileReference; lastKnownFileType = sourcecode.swift; path = 4344.swift; sourceTree = "<group>"; };
		DB56C8C829FFFDB7002BECA9 /* 1037.swift */ = {isa = PBXFileReference; lastKnownFileType = sourcecode.swift; path = 1037.swift; sourceTree = "<group>"; };
		DB5ACD632AA864C90054CA15 /* 1541.swift */ = {isa = PBXFileReference; lastKnownFileType = sourcecode.swift; path = 1541.swift; sourceTree = "<group>"; };
		DB5C9B3C2960E40C00D81835 /* 10814.swift */ = {isa = PBXFileReference; lastKnownFileType = sourcecode.swift; path = 10814.swift; sourceTree = "<group>"; };
		DB5C9B5029631E0600D81835 /* 11050.swift */ = {isa = PBXFileReference; lastKnownFileType = sourcecode.swift; path = 11050.swift; sourceTree = "<group>"; };
		DB5E63C22B18811E00F255EF /* 20529.swift */ = {isa = PBXFileReference; lastKnownFileType = sourcecode.swift; path = 20529.swift; sourceTree = "<group>"; };
		DB61FC3129671A21006D3CAC /* 2164.swift */ = {isa = PBXFileReference; lastKnownFileType = sourcecode.swift; path = 2164.swift; sourceTree = "<group>"; };
		DB6744362B4B6C5D003E397D /* 다트게임.swift */ = {isa = PBXFileReference; lastKnownFileType = sourcecode.swift; path = "다트게임.swift"; sourceTree = "<group>"; };
		DB6A109829654A7C00826F8F /* 1009.swift */ = {isa = PBXFileReference; lastKnownFileType = sourcecode.swift; path = 1009.swift; sourceTree = "<group>"; };
		DB6A109929654B0A00826F8F /* 1076.swift */ = {isa = PBXFileReference; lastKnownFileType = sourcecode.swift; path = 1076.swift; sourceTree = "<group>"; };
		DB712B542A88D255000D7965 /* 3190.swift */ = {isa = PBXFileReference; lastKnownFileType = sourcecode.swift; path = 3190.swift; sourceTree = "<group>"; };
		DB712B552A88E79F000D7965 /* 2667.swift */ = {isa = PBXFileReference; lastKnownFileType = sourcecode.swift; path = 2667.swift; sourceTree = "<group>"; };
		DB712B562A88F230000D7965 /* 1012.swift */ = {isa = PBXFileReference; lastKnownFileType = sourcecode.swift; path = 1012.swift; sourceTree = "<group>"; };
		DB712B572A89312C000D7965 /* 4963.swift */ = {isa = PBXFileReference; lastKnownFileType = sourcecode.swift; path = 4963.swift; sourceTree = "<group>"; };
		DB72B4BB2A34B41F0025186F /* walkingInPark.swift */ = {isa = PBXFileReference; lastKnownFileType = sourcecode.swift; path = walkingInPark.swift; sourceTree = "<group>"; };
		DB7510452B9B585C008B2453 /* 1436.swift */ = {isa = PBXFileReference; lastKnownFileType = sourcecode.swift; path = 1436.swift; sourceTree = "<group>"; };
		DB7510462B9EDCD2008B2453 /* 2751.swift */ = {isa = PBXFileReference; lastKnownFileType = sourcecode.swift; path = 2751.swift; sourceTree = "<group>"; };
		DB78FEF1298A62DB00F7B8A8 /* 프로그래머스:크래인인형뽑기.swift */ = {isa = PBXFileReference; lastKnownFileType = sourcecode.swift; path = "프로그래머스:크래인인형뽑기.swift"; sourceTree = "<group>"; };
		DB7BE9E02BA4528500BC25E3 /* 10816.swift */ = {isa = PBXFileReference; lastKnownFileType = sourcecode.swift; path = 10816.swift; sourceTree = "<group>"; };
		DB7BE9ED2BA493BF00BC25E3 /* 9012.swift */ = {isa = PBXFileReference; lastKnownFileType = sourcecode.swift; path = 9012.swift; sourceTree = "<group>"; };
		DB874A582B39E866005B0E86 /* 미로탐색.swift */ = {isa = PBXFileReference; lastKnownFileType = sourcecode.swift; path = "미로탐색.swift"; sourceTree = "<group>"; };
		DB878AE52A867E06007950B7 /* 2161.swift */ = {isa = PBXFileReference; lastKnownFileType = sourcecode.swift; path = 2161.swift; sourceTree = "<group>"; };
		DB8BC8662B0F5FDA00A322CB /* tenNetworkCodingGame.swift */ = {isa = PBXFileReference; lastKnownFileType = sourcecode.swift; path = tenNetworkCodingGame.swift; sourceTree = "<group>"; };
		DB8BC8672B0F65DA00A322CB /* 21736.swift */ = {isa = PBXFileReference; lastKnownFileType = sourcecode.swift; path = 21736.swift; sourceTree = "<group>"; };
		DB8C9C28295323EF00B2FE9F /* BOJ */ = {isa = PBXFileReference; explicitFileType = "compiled.mach-o.executable"; includeInIndex = 0; path = BOJ; sourceTree = BUILT_PRODUCTS_DIR; };
		DB8C9C2B295323EF00B2FE9F /* main.swift */ = {isa = PBXFileReference; lastKnownFileType = sourcecode.swift; path = main.swift; sourceTree = "<group>"; };
		DB8C9C322953243800B2FE9F /* 10817.swift */ = {isa = PBXFileReference; lastKnownFileType = sourcecode.swift; path = 10817.swift; sourceTree = "<group>"; };
		DB90A9852BA1D38E00D7F174 /* 1018.swift */ = {isa = PBXFileReference; lastKnownFileType = sourcecode.swift; path = 1018.swift; sourceTree = "<group>"; };
		DB9A61632B00E77C003EE636 /* 비밀지도.swift */ = {isa = PBXFileReference; lastKnownFileType = sourcecode.swift; path = "비밀지도.swift"; sourceTree = "<group>"; };
		DB9A61642B00E990003EE636 /* 두개뽑아서더하기.swift */ = {isa = PBXFileReference; lastKnownFileType = sourcecode.swift; path = "두개뽑아서더하기.swift"; sourceTree = "<group>"; };
		DBA7BB9A2978260D006CBEBD /* leet7.swift */ = {isa = PBXFileReference; lastKnownFileType = sourcecode.swift; path = leet7.swift; sourceTree = "<group>"; };
		DBA7DCB72A89431F0050761D /* 11724.swift */ = {isa = PBXFileReference; lastKnownFileType = sourcecode.swift; path = 11724.swift; sourceTree = "<group>"; };
		DBADCA432AB1D7A100CB5B8B /* 2805.swift */ = {isa = PBXFileReference; lastKnownFileType = sourcecode.swift; path = 2805.swift; sourceTree = "<group>"; };
		DBAF6C2A2AFFA441009D6582 /* 짝지어제거하기.swift */ = {isa = PBXFileReference; lastKnownFileType = sourcecode.swift; path = "짝지어제거하기.swift"; sourceTree = "<group>"; };
		DBAF6C2B2AFFAE10009D6582 /* 영어끝말잇기.swift */ = {isa = PBXFileReference; lastKnownFileType = sourcecode.swift; path = "영어끝말잇기.swift"; sourceTree = "<group>"; };
		DBB04BB82B01111A00A2D359 /* 점프와순간이동.swift */ = {isa = PBXFileReference; lastKnownFileType = sourcecode.swift; path = "점프와순간이동.swift"; sourceTree = "<group>"; };
		DBB4C4142A8699E4007582D1 /* 10799.swift */ = {isa = PBXFileReference; lastKnownFileType = sourcecode.swift; path = 10799.swift; sourceTree = "<group>"; };
		DBB4C4152A86A699007582D1 /* 17413.swift */ = {isa = PBXFileReference; lastKnownFileType = sourcecode.swift; path = 17413.swift; sourceTree = "<group>"; };
		DBB4CF0D2A7D264600463723 /* 2606.swift */ = {isa = PBXFileReference; lastKnownFileType = sourcecode.swift; path = 2606.swift; sourceTree = "<group>"; };
		DBB4CF0E2A7D3C3800463723 /* 9375.swift */ = {isa = PBXFileReference; lastKnownFileType = sourcecode.swift; path = 9375.swift; sourceTree = "<group>"; };
		DBB4CF0F2A7D3E5E00463723 /* 9461.swift */ = {isa = PBXFileReference; lastKnownFileType = sourcecode.swift; path = 9461.swift; sourceTree = "<group>"; };
		DBB4CF102A7D5FE000463723 /* 11659.swift */ = {isa = PBXFileReference; lastKnownFileType = sourcecode.swift; path = 11659.swift; sourceTree = "<group>"; };
		DBB61C3929686F0B00E5E08F /* 4949.swift */ = {isa = PBXFileReference; lastKnownFileType = sourcecode.swift; path = 4949.swift; sourceTree = "<group>"; };
		DBB61C3A2968776E00E5E08F /* 11651.swift */ = {isa = PBXFileReference; lastKnownFileType = sourcecode.swift; path = 11651.swift; sourceTree = "<group>"; };
		DBB61C3B29696E0400E5E08F /* 10773.swift */ = {isa = PBXFileReference; lastKnownFileType = sourcecode.swift; path = 10773.swift; sourceTree = "<group>"; };
		DBB61C3D2969860700E5E08F /* 11866.swift */ = {isa = PBXFileReference; lastKnownFileType = sourcecode.swift; path = 11866.swift; sourceTree = "<group>"; };
		DBB61C3E29699FEB00E5E08F /* 1874.swift */ = {isa = PBXFileReference; lastKnownFileType = sourcecode.swift; path = 1874.swift; sourceTree = "<group>"; };
		DBB61C3F2969D96400E5E08F /* DFS:BFS.swift */ = {isa = PBXFileReference; lastKnownFileType = sourcecode.swift; path = "DFS:BFS.swift"; sourceTree = "<group>"; };
		DBB8974C2ADD7A5C00945AD6 /* 12851.swift */ = {isa = PBXFileReference; lastKnownFileType = sourcecode.swift; path = 12851.swift; sourceTree = "<group>"; };
		DBBB8D722B96277300107F2A /* 4153.swift */ = {isa = PBXFileReference; lastKnownFileType = sourcecode.swift; path = 4153.swift; sourceTree = "<group>"; };
		DBBB8D742B962DE000107F2A /* 1978.swift */ = {isa = PBXFileReference; lastKnownFileType = sourcecode.swift; path = 1978.swift; sourceTree = "<group>"; };
		DBBF12882AD02FB5000508A2 /* 11725.swift */ = {isa = PBXFileReference; lastKnownFileType = sourcecode.swift; path = 11725.swift; sourceTree = "<group>"; };
		DBBFE2A62A7E8C6100FC6040 /* 11726.swift */ = {isa = PBXFileReference; lastKnownFileType = sourcecode.swift; path = 11726.swift; sourceTree = "<group>"; };
		DBBFE2A72A7E9FB100FC6040 /* 11727.swift */ = {isa = PBXFileReference; lastKnownFileType = sourcecode.swift; path = 11727.swift; sourceTree = "<group>"; };
		DBC3C248295B217D00ABB8FE /* 2839.swift */ = {isa = PBXFileReference; lastKnownFileType = sourcecode.swift; path = 2839.swift; sourceTree = "<group>"; };
		DBC67F1129D872C10080074F /* 4821.swift */ = {isa = PBXFileReference; lastKnownFileType = sourcecode.swift; path = 4821.swift; sourceTree = "<group>"; };
		DBC67F1229D9B6FA0080074F /* 1837.swift */ = {isa = PBXFileReference; lastKnownFileType = sourcecode.swift; path = 1837.swift; sourceTree = "<group>"; };
		DBC67F1329D9CB9B0080074F /* 10995.swift */ = {isa = PBXFileReference; lastKnownFileType = sourcecode.swift; path = 10995.swift; sourceTree = "<group>"; };
		DBC6F002296C561A007F6031 /* 1260.swift */ = {isa = PBXFileReference; lastKnownFileType = sourcecode.swift; path = 1260.swift; sourceTree = "<group>"; };
		DBC80D312B38405800C88F0A /* 13549.swift */ = {isa = PBXFileReference; lastKnownFileType = sourcecode.swift; path = 13549.swift; sourceTree = "<group>"; };
		DBC838162A8BC1F80089F644 /* 1697.swift */ = {isa = PBXFileReference; lastKnownFileType = sourcecode.swift; path = 1697.swift; sourceTree = "<group>"; };
		DBC876B12A38D10F00DA0169 /* failureRate.swift */ = {isa = PBXFileReference; lastKnownFileType = sourcecode.swift; path = failureRate.swift; sourceTree = "<group>"; };
		DBCBAF782ABC4A5B001F72B9 /* temperatures.swift */ = {isa = PBXFileReference; lastKnownFileType = sourcecode.swift; path = temperatures.swift; sourceTree = "<group>"; };
		DBCDC0282976E81E0032817F /* 2775.swift */ = {isa = PBXFileReference; lastKnownFileType = sourcecode.swift; path = 2775.swift; sourceTree = "<group>"; };
		DBD1A0442B020AF800F3B724 /* 괄호회전하기.swift */ = {isa = PBXFileReference; lastKnownFileType = sourcecode.swift; path = "괄호회전하기.swift"; sourceTree = "<group>"; };
		DBD20C7C2AFE75BC002B83E5 /* repeatChangeBinary.swift */ = {isa = PBXFileReference; lastKnownFileType = sourcecode.swift; path = repeatChangeBinary.swift; sourceTree = "<group>"; };
		DBD451752A74BEFF00B534CB /* 1003.swift */ = {isa = PBXFileReference; lastKnownFileType = sourcecode.swift; path = 1003.swift; sourceTree = "<group>"; };
		DBD451762A75531100B534CB /* 2579.swift */ = {isa = PBXFileReference; lastKnownFileType = sourcecode.swift; path = 2579.swift; sourceTree = "<group>"; };
		DBD451772A756CA700B534CB /* 1149.swift */ = {isa = PBXFileReference; lastKnownFileType = sourcecode.swift; path = 1149.swift; sourceTree = "<group>"; };
		DBD566FA29DAFB5D003A52B5 /* 1145.swift */ = {isa = PBXFileReference; lastKnownFileType = sourcecode.swift; path = 1145.swift; sourceTree = "<group>"; };
		DBD566FB29DB01A2003A52B5 /* 1813.swift */ = {isa = PBXFileReference; lastKnownFileType = sourcecode.swift; path = 1813.swift; sourceTree = "<group>"; };
		DBDB4EBB2A2E511C0095F1E0 /* choiceOrange.swift */ = {isa = PBXFileReference; lastKnownFileType = sourcecode.swift; path = choiceOrange.swift; sourceTree = "<group>"; };
		DBE088072B09DF0E0034E04F /* 신규아이디추천.swift */ = {isa = PBXFileReference; lastKnownFileType = sourcecode.swift; path = "신규아이디추천.swift"; sourceTree = "<group>"; };
		DBE3C03E2A30F64B00E6EF35 /* bestAlbum.swift */ = {isa = PBXFileReference; lastKnownFileType = sourcecode.swift; path = bestAlbum.swift; sourceTree = "<group>"; };
		DBE5F5D12B8C5FA400802780 /* 1932.swift */ = {isa = PBXFileReference; lastKnownFileType = sourcecode.swift; path = 1932.swift; sourceTree = "<group>"; };
		DBE5F5D22B8C6E0400802780 /* 1904 .swift */ = {isa = PBXFileReference; lastKnownFileType = sourcecode.swift; path = "1904 .swift"; sourceTree = "<group>"; };
		DBEEF14829C762DD007B54D8 /* 10994.swift */ = {isa = PBXFileReference; lastKnownFileType = sourcecode.swift; path = 10994.swift; sourceTree = "<group>"; };
		DBF39D542A37658600C69FC8 /* newsClustering.swift */ = {isa = PBXFileReference; lastKnownFileType = sourcecode.swift; path = newsClustering.swift; sourceTree = "<group>"; };
		DBF4670E2AA628EF009FF3EB /* 15828.swift */ = {isa = PBXFileReference; lastKnownFileType = sourcecode.swift; path = 15828.swift; sourceTree = "<group>"; };
		DBF4EECD2A73D866006FB3F2 /* 1620.swift */ = {isa = PBXFileReference; lastKnownFileType = sourcecode.swift; path = 1620.swift; sourceTree = "<group>"; };
		DBF4EECE2A73DC37006FB3F2 /* 1764.swift */ = {isa = PBXFileReference; lastKnownFileType = sourcecode.swift; path = 1764.swift; sourceTree = "<group>"; };
		DBF4EECF2A73E08C006FB3F2 /* 17219.swift */ = {isa = PBXFileReference; lastKnownFileType = sourcecode.swift; path = 17219.swift; sourceTree = "<group>"; };
		DBF66B8B2AB9C8BF0093DF8C /* 18870.swift */ = {isa = PBXFileReference; lastKnownFileType = sourcecode.swift; path = 18870.swift; sourceTree = "<group>"; };
		DBFC41422BA7FE9E00FDF67A /* 10866.swift */ = {isa = PBXFileReference; lastKnownFileType = sourcecode.swift; path = 10866.swift; sourceTree = "<group>"; };
		DBFC41432BA804BF00FDF67A /* 18110.swift */ = {isa = PBXFileReference; lastKnownFileType = sourcecode.swift; path = 18110.swift; sourceTree = "<group>"; };
		DBFC41442BA81A0E00FDF67A /* 1929.swift */ = {isa = PBXFileReference; lastKnownFileType = sourcecode.swift; path = 1929.swift; sourceTree = "<group>"; };
/* End PBXFileReference section */

/* Begin PBXFrameworksBuildPhase section */
		DB8C9C25295323EF00B2FE9F /* Frameworks */ = {
			isa = PBXFrameworksBuildPhase;
			buildActionMask = 2147483647;
			files = (
			);
			runOnlyForDeploymentPostprocessing = 0;
		};
/* End PBXFrameworksBuildPhase section */

/* Begin PBXGroup section */
		DB8C9C1F295323EF00B2FE9F = {
			isa = PBXGroup;
			children = (
				DB8C9C2A295323EF00B2FE9F /* BOJ */,
				DB8C9C29295323EF00B2FE9F /* Products */,
			);
			sourceTree = "<group>";
		};
		DB8C9C29295323EF00B2FE9F /* Products */ = {
			isa = PBXGroup;
			children = (
				DB8C9C28295323EF00B2FE9F /* BOJ */,
			);
			name = Products;
			sourceTree = "<group>";
		};
		DB8C9C2A295323EF00B2FE9F /* BOJ */ = {
			isa = PBXGroup;
			children = (
				DB8C9C2B295323EF00B2FE9F /* main.swift */,
				DBFC41442BA81A0E00FDF67A /* 1929.swift */,
				DBFC41432BA804BF00FDF67A /* 18110.swift */,
				DB90A9852BA1D38E00D7F174 /* 1018.swift */,
				DB7510452B9B585C008B2453 /* 1436.swift */,
				DB874A582B39E866005B0E86 /* 미로탐색.swift */,
				DBC80D312B38405800C88F0A /* 13549.swift */,
				DB5E63C22B18811E00F255EF /* 20529.swift */,
				DB8BC8672B0F65DA00A322CB /* 21736.swift */,
				DBE088072B09DF0E0034E04F /* 신규아이디추천.swift */,
				DB3467992B03975900A6E64B /* 캐시.swift */,
				DBD1A0442B020AF800F3B724 /* 괄호회전하기.swift */,
				DB4A94542B01B50100F7EEB1 /* 예상대진표.swift */,
				DBB04BB82B01111A00A2D359 /* 점프와순간이동.swift */,
				DB9A61642B00E990003EE636 /* 두개뽑아서더하기.swift */,
				DB9A61632B00E77C003EE636 /* 비밀지도.swift */,
				DBAF6C2B2AFFAE10009D6582 /* 영어끝말잇기.swift */,
				DBAF6C2A2AFFA441009D6582 /* 짝지어제거하기.swift */,
				DBD20C7C2AFE75BC002B83E5 /* repeatChangeBinary.swift */,
				DBBF12882AD02FB5000508A2 /* 11725.swift */,
				DB3DCF292ACEFD5100F28BC1 /* 2178.swift */,
				DBCBAF782ABC4A5B001F72B9 /* temperatures.swift */,
				DBADCA432AB1D7A100CB5B8B /* 2805.swift */,
				DB5ACD632AA864C90054CA15 /* 1541.swift */,
				DBF4670E2AA628EF009FF3EB /* 15828.swift */,
				DBC838162A8BC1F80089F644 /* 1697.swift */,
				DBA7DCB72A89431F0050761D /* 11724.swift */,
				DB712B572A89312C000D7965 /* 4963.swift */,
				DB712B552A88E79F000D7965 /* 2667.swift */,
				DB712B542A88D255000D7965 /* 3190.swift */,
				DBB4C4152A86A699007582D1 /* 17413.swift */,
				DBB4C4142A8699E4007582D1 /* 10799.swift */,
				DB878AE52A867E06007950B7 /* 2161.swift */,
				DBF4EECE2A73DC37006FB3F2 /* 1764.swift */,
				DBF4EECD2A73D866006FB3F2 /* 1620.swift */,
				DBC876B12A38D10F00DA0169 /* failureRate.swift */,
				DBF39D542A37658600C69FC8 /* newsClustering.swift */,
				DBE3C03E2A30F64B00E6EF35 /* bestAlbum.swift */,
				DB21AFA729E6C1E0003D878A /* 1463.swift */,
				DB21AFA529E6C1C0003D878A /* 1676.swift */,
				DBD566FA29DAFB5D003A52B5 /* 1145.swift */,
				DBC67F1329D9CB9B0080074F /* 10995.swift */,
				DBC67F1229D9B6FA0080074F /* 1837.swift */,
				DB4A388029D1C124007212F4 /* 1292.swift */,
				DB4A387E29D1B94C007212F4 /* 1236.swift */,
				DB4A387C29D1A892007212F4 /* 1158.swift */,
				DBC67F1129D872C10080074F /* 4821.swift */,
				DB3AFD5B297225DA0008F9B2 /* 1712.swift */,
				DBC6F002296C561A007F6031 /* 1260.swift */,
				DBB61C3F2969D96400E5E08F /* DFS:BFS.swift */,
				DB4A388229D1C40B007212F4 /* 2163.swift */,
				DBB61C3E29699FEB00E5E08F /* 1874.swift */,
				DBB61C3B29696E0400E5E08F /* 10773.swift */,
				DBB61C3A2968776E00E5E08F /* 11651.swift */,
				DBB61C3929686F0B00E5E08F /* 4949.swift */,
				DB5C9B5029631E0600D81835 /* 11050.swift */,
				DB3813D8296078D80073D143 /* 11650.swift */,
				DB3956D1295D8D01004627A6 /* 2292.swift */,
				DB8C9C322953243800B2FE9F /* 10817.swift */,
				DB555A7A2954676D00D531F3 /* 4344.swift */,
				DB4308012955EF3100D53539 /* 2869.swift */,
				DB4308032956EBC800D53539 /* 1316.swift */,
				DBC3C248295B217D00ABB8FE /* 2839.swift */,
				DB3956CD295C8887004627A6 /* 10828.swift */,
				DB3956D0295CE087004627A6 /* 1920.swift */,
				DB3956D2295D923C004627A6 /* 2798.swift */,
				DB3956D4295F10B0004627A6 /* 7568.swift */,
				DB3813D7295F5F4B0073D143 /* 2231.swift */,
				DB3813D92960CDC70073D143 /* 10845.swift */,
				DB5C9B3C2960E40C00D81835 /* 10814.swift */,
				DB6A109829654A7C00826F8F /* 1009.swift */,
				DB6A109929654B0A00826F8F /* 1076.swift */,
				DB61FC3129671A21006D3CAC /* 2164.swift */,
				DBB61C3D2969860700E5E08F /* 11866.swift */,
				DB4D94BF296DA65E00ABDEE3 /* 2108.swift */,
				DB224A2E2974663000EC1478 /* 1181.swift */,
				DB224A2F2974692600EC1478 /* 11399.swift */,
				DBCDC0282976E81E0032817F /* 2775.swift */,
				DBA7BB9A2978260D006CBEBD /* leet7.swift */,
				DB78FEF1298A62DB00F7B8A8 /* 프로그래머스:크래인인형뽑기.swift */,
				DBEEF14829C762DD007B54D8 /* 10994.swift */,
				DBD566FB29DB01A2003A52B5 /* 1813.swift */,
				DB21AFAA29E70BE7003D878A /* 11047.swift */,
				DB56C8C829FFFDB7002BECA9 /* 1037.swift */,
				DBDB4EBB2A2E511C0095F1E0 /* choiceOrange.swift */,
				DB72B4BB2A34B41F0025186F /* walkingInPark.swift */,
				DB035F172A3DD23D00D98F35 /* Makehamberger.swift */,
				DBF4EECF2A73E08C006FB3F2 /* 17219.swift */,
				DBD451752A74BEFF00B534CB /* 1003.swift */,
				DBD451762A75531100B534CB /* 2579.swift */,
				DBD451772A756CA700B534CB /* 1149.swift */,
				DB0E54BA2A766037009BC658 /* 9095.swift */,
				DBB4CF0D2A7D264600463723 /* 2606.swift */,
				DBB4CF0E2A7D3C3800463723 /* 9375.swift */,
				DBB4CF0F2A7D3E5E00463723 /* 9461.swift */,
				DBB4CF102A7D5FE000463723 /* 11659.swift */,
				DBBFE2A62A7E8C6100FC6040 /* 11726.swift */,
				DBBFE2A72A7E9FB100FC6040 /* 11727.swift */,
				DB712B562A88F230000D7965 /* 1012.swift */,
				DBF66B8B2AB9C8BF0093DF8C /* 18870.swift */,
				DBB8974C2ADD7A5C00945AD6 /* 12851.swift */,
				DB03AE382B0E2E8900361ADE /* 7576.swift */,
				DB8BC8662B0F5FDA00A322CB /* tenNetworkCodingGame.swift */,
				DB4F56CF2B3F458A00FB9E3F /* 15649.swift */,
				DB4F56D02B3F483E00FB9E3F /* 15650.swift */,
				DB4F56D12B3FB06B00FB9E3F /* 15651.swift */,
				DB4F56D22B3FB38800FB9E3F /* 15652.swift */,
				DB4F56D32B3FB70200FB9E3F /* 15654.swift */,
				DB6744362B4B6C5D003E397D /* 다트게임.swift */,
				DBE5F5D12B8C5FA400802780 /* 1932.swift */,
				DBE5F5D22B8C6E0400802780 /* 1904 .swift */,
				DBBB8D722B96277300107F2A /* 4153.swift */,
				DBBB8D742B962DE000107F2A /* 1978.swift */,
				DB02AEE52B96C9EF00D304D4 /* 15829.swift */,
				DB023F592B981AED0065D2A1 /* 1546.swift */,
				DB023F5A2B981E470065D2A1 /* 2609.swift */,
				DB023F5B2B98202A0065D2A1 /* 1259.swift */,
				DB7510462B9EDCD2008B2453 /* 2751.swift */,
				DB7BE9E02BA4528500BC25E3 /* 10816.swift */,
				DB7BE9ED2BA493BF00BC25E3 /* 9012.swift */,
				DBFC41422BA7FE9E00FDF67A /* 10866.swift */,
				DB26BB862BAC0917003631A4 /* 11723.swift */,
			);
			path = BOJ;
			sourceTree = "<group>";
		};
/* End PBXGroup section */

/* Begin PBXNativeTarget section */
		DB8C9C27295323EF00B2FE9F /* BOJ */ = {
			isa = PBXNativeTarget;
			buildConfigurationList = DB8C9C2F295323EF00B2FE9F /* Build configuration list for PBXNativeTarget "BOJ" */;
			buildPhases = (
				DB8C9C24295323EF00B2FE9F /* Sources */,
				DB8C9C25295323EF00B2FE9F /* Frameworks */,
				DB8C9C26295323EF00B2FE9F /* CopyFiles */,
			);
			buildRules = (
			);
			dependencies = (
			);
			name = BOJ;
			productName = BOJ;
			productReference = DB8C9C28295323EF00B2FE9F /* BOJ */;
			productType = "com.apple.product-type.tool";
		};
/* End PBXNativeTarget section */

/* Begin PBXProject section */
		DB8C9C20295323EF00B2FE9F /* Project object */ = {
			isa = PBXProject;
			attributes = {
				BuildIndependentTargetsInParallel = 1;
				LastSwiftUpdateCheck = 1340;
				LastUpgradeCheck = 1340;
				TargetAttributes = {
					DB8C9C27295323EF00B2FE9F = {
						CreatedOnToolsVersion = 13.4.1;
					};
				};
			};
			buildConfigurationList = DB8C9C23295323EF00B2FE9F /* Build configuration list for PBXProject "BOJ" */;
			compatibilityVersion = "Xcode 13.0";
			developmentRegion = en;
			hasScannedForEncodings = 0;
			knownRegions = (
				en,
				Base,
			);
			mainGroup = DB8C9C1F295323EF00B2FE9F;
			productRefGroup = DB8C9C29295323EF00B2FE9F /* Products */;
			projectDirPath = "";
			projectRoot = "";
			targets = (
				DB8C9C27295323EF00B2FE9F /* BOJ */,
			);
		};
/* End PBXProject section */

/* Begin PBXSourcesBuildPhase section */
		DB8C9C24295323EF00B2FE9F /* Sources */ = {
			isa = PBXSourcesBuildPhase;
			buildActionMask = 2147483647;
			files = (
				DB3CD71229CF2DCA003B73AC /* main.swift in Sources */,
			);
			runOnlyForDeploymentPostprocessing = 0;
		};
/* End PBXSourcesBuildPhase section */

/* Begin XCBuildConfiguration section */
		DB8C9C2D295323EF00B2FE9F /* Debug */ = {
			isa = XCBuildConfiguration;
			buildSettings = {
				ALWAYS_SEARCH_USER_PATHS = NO;
				CLANG_ANALYZER_NONNULL = YES;
				CLANG_ANALYZER_NUMBER_OBJECT_CONVERSION = YES_AGGRESSIVE;
				CLANG_CXX_LANGUAGE_STANDARD = "gnu++17";
				CLANG_ENABLE_MODULES = YES;
				CLANG_ENABLE_OBJC_ARC = YES;
				CLANG_ENABLE_OBJC_WEAK = YES;
				CLANG_WARN_BLOCK_CAPTURE_AUTORELEASING = YES;
				CLANG_WARN_BOOL_CONVERSION = YES;
				CLANG_WARN_COMMA = YES;
				CLANG_WARN_CONSTANT_CONVERSION = YES;
				CLANG_WARN_DEPRECATED_OBJC_IMPLEMENTATIONS = YES;
				CLANG_WARN_DIRECT_OBJC_ISA_USAGE = YES_ERROR;
				CLANG_WARN_DOCUMENTATION_COMMENTS = YES;
				CLANG_WARN_EMPTY_BODY = YES;
				CLANG_WARN_ENUM_CONVERSION = YES;
				CLANG_WARN_INFINITE_RECURSION = YES;
				CLANG_WARN_INT_CONVERSION = YES;
				CLANG_WARN_NON_LITERAL_NULL_CONVERSION = YES;
				CLANG_WARN_OBJC_IMPLICIT_RETAIN_SELF = YES;
				CLANG_WARN_OBJC_LITERAL_CONVERSION = YES;
				CLANG_WARN_OBJC_ROOT_CLASS = YES_ERROR;
				CLANG_WARN_QUOTED_INCLUDE_IN_FRAMEWORK_HEADER = YES;
				CLANG_WARN_RANGE_LOOP_ANALYSIS = YES;
				CLANG_WARN_STRICT_PROTOTYPES = YES;
				CLANG_WARN_SUSPICIOUS_MOVE = YES;
				CLANG_WARN_UNGUARDED_AVAILABILITY = YES_AGGRESSIVE;
				CLANG_WARN_UNREACHABLE_CODE = YES;
				CLANG_WARN__DUPLICATE_METHOD_MATCH = YES;
				COPY_PHASE_STRIP = NO;
				DEBUG_INFORMATION_FORMAT = dwarf;
				ENABLE_STRICT_OBJC_MSGSEND = YES;
				ENABLE_TESTABILITY = YES;
				GCC_C_LANGUAGE_STANDARD = gnu11;
				GCC_DYNAMIC_NO_PIC = NO;
				GCC_NO_COMMON_BLOCKS = YES;
				GCC_OPTIMIZATION_LEVEL = 0;
				GCC_PREPROCESSOR_DEFINITIONS = (
					"DEBUG=1",
					"$(inherited)",
				);
				GCC_WARN_64_TO_32_BIT_CONVERSION = YES;
				GCC_WARN_ABOUT_RETURN_TYPE = YES_ERROR;
				GCC_WARN_UNDECLARED_SELECTOR = YES;
				GCC_WARN_UNINITIALIZED_AUTOS = YES_AGGRESSIVE;
				GCC_WARN_UNUSED_FUNCTION = YES;
				GCC_WARN_UNUSED_VARIABLE = YES;
				MACOSX_DEPLOYMENT_TARGET = 12.3;
				MTL_ENABLE_DEBUG_INFO = INCLUDE_SOURCE;
				MTL_FAST_MATH = YES;
				ONLY_ACTIVE_ARCH = YES;
				SDKROOT = macosx;
				SWIFT_ACTIVE_COMPILATION_CONDITIONS = DEBUG;
				SWIFT_OPTIMIZATION_LEVEL = "-Onone";
			};
			name = Debug;
		};
		DB8C9C2E295323EF00B2FE9F /* Release */ = {
			isa = XCBuildConfiguration;
			buildSettings = {
				ALWAYS_SEARCH_USER_PATHS = NO;
				CLANG_ANALYZER_NONNULL = YES;
				CLANG_ANALYZER_NUMBER_OBJECT_CONVERSION = YES_AGGRESSIVE;
				CLANG_CXX_LANGUAGE_STANDARD = "gnu++17";
				CLANG_ENABLE_MODULES = YES;
				CLANG_ENABLE_OBJC_ARC = YES;
				CLANG_ENABLE_OBJC_WEAK = YES;
				CLANG_WARN_BLOCK_CAPTURE_AUTORELEASING = YES;
				CLANG_WARN_BOOL_CONVERSION = YES;
				CLANG_WARN_COMMA = YES;
				CLANG_WARN_CONSTANT_CONVERSION = YES;
				CLANG_WARN_DEPRECATED_OBJC_IMPLEMENTATIONS = YES;
				CLANG_WARN_DIRECT_OBJC_ISA_USAGE = YES_ERROR;
				CLANG_WARN_DOCUMENTATION_COMMENTS = YES;
				CLANG_WARN_EMPTY_BODY = YES;
				CLANG_WARN_ENUM_CONVERSION = YES;
				CLANG_WARN_INFINITE_RECURSION = YES;
				CLANG_WARN_INT_CONVERSION = YES;
				CLANG_WARN_NON_LITERAL_NULL_CONVERSION = YES;
				CLANG_WARN_OBJC_IMPLICIT_RETAIN_SELF = YES;
				CLANG_WARN_OBJC_LITERAL_CONVERSION = YES;
				CLANG_WARN_OBJC_ROOT_CLASS = YES_ERROR;
				CLANG_WARN_QUOTED_INCLUDE_IN_FRAMEWORK_HEADER = YES;
				CLANG_WARN_RANGE_LOOP_ANALYSIS = YES;
				CLANG_WARN_STRICT_PROTOTYPES = YES;
				CLANG_WARN_SUSPICIOUS_MOVE = YES;
				CLANG_WARN_UNGUARDED_AVAILABILITY = YES_AGGRESSIVE;
				CLANG_WARN_UNREACHABLE_CODE = YES;
				CLANG_WARN__DUPLICATE_METHOD_MATCH = YES;
				COPY_PHASE_STRIP = NO;
				DEBUG_INFORMATION_FORMAT = "dwarf-with-dsym";
				ENABLE_NS_ASSERTIONS = NO;
				ENABLE_STRICT_OBJC_MSGSEND = YES;
				GCC_C_LANGUAGE_STANDARD = gnu11;
				GCC_NO_COMMON_BLOCKS = YES;
				GCC_WARN_64_TO_32_BIT_CONVERSION = YES;
				GCC_WARN_ABOUT_RETURN_TYPE = YES_ERROR;
				GCC_WARN_UNDECLARED_SELECTOR = YES;
				GCC_WARN_UNINITIALIZED_AUTOS = YES_AGGRESSIVE;
				GCC_WARN_UNUSED_FUNCTION = YES;
				GCC_WARN_UNUSED_VARIABLE = YES;
				MACOSX_DEPLOYMENT_TARGET = 12.3;
				MTL_ENABLE_DEBUG_INFO = NO;
				MTL_FAST_MATH = YES;
				SDKROOT = macosx;
				SWIFT_COMPILATION_MODE = wholemodule;
				SWIFT_OPTIMIZATION_LEVEL = "-O";
			};
			name = Release;
		};
		DB8C9C30295323EF00B2FE9F /* Debug */ = {
			isa = XCBuildConfiguration;
			buildSettings = {
				CODE_SIGN_STYLE = Automatic;
				MACOSX_DEPLOYMENT_TARGET = 13.1;
				PRODUCT_NAME = "$(TARGET_NAME)";
				SWIFT_VERSION = 5.0;
			};
			name = Debug;
		};
		DB8C9C31295323EF00B2FE9F /* Release */ = {
			isa = XCBuildConfiguration;
			buildSettings = {
				CODE_SIGN_STYLE = Automatic;
				MACOSX_DEPLOYMENT_TARGET = 13.1;
				PRODUCT_NAME = "$(TARGET_NAME)";
				SWIFT_VERSION = 5.0;
			};
			name = Release;
		};
/* End XCBuildConfiguration section */

/* Begin XCConfigurationList section */
		DB8C9C23295323EF00B2FE9F /* Build configuration list for PBXProject "BOJ" */ = {
			isa = XCConfigurationList;
			buildConfigurations = (
				DB8C9C2D295323EF00B2FE9F /* Debug */,
				DB8C9C2E295323EF00B2FE9F /* Release */,
			);
			defaultConfigurationIsVisible = 0;
			defaultConfigurationName = Release;
		};
		DB8C9C2F295323EF00B2FE9F /* Build configuration list for PBXNativeTarget "BOJ" */ = {
			isa = XCConfigurationList;
			buildConfigurations = (
				DB8C9C30295323EF00B2FE9F /* Debug */,
				DB8C9C31295323EF00B2FE9F /* Release */,
			);
			defaultConfigurationIsVisible = 0;
			defaultConfigurationName = Release;
		};
/* End XCConfigurationList section */
	};
	rootObject = DB8C9C20295323EF00B2FE9F /* Project object */;
}
